PODS:
  - AppCenter/Core (4.3.0)
  - AppCenterCapacitorShared (0.3.2):
    - AppCenter/Core (= 4.3.0)

DEPENDENCIES:
  - AppCenterCapacitorShared (from `../`)

SPEC REPOS:
  trunk:
    - AppCenter

EXTERNAL SOURCES:
  AppCenterCapacitorShared:
    :path: "../"

SPEC CHECKSUMS:
  AppCenter: 883369ab78427b0561c688158d689dfe1f993ea9
  AppCenterCapacitorShared: 3643108692ca6d59904fa45edd3b2631c32b1532

PODFILE CHECKSUM: fe3b1998cfd9db5f6be13fa9f965c722197a749c

COCOAPODS: 1.11.2
